
Microsoft Visual Studio Solution File, Format Version 12.00
# Visual Studio Version 16
VisualStudioVersion = 16.0.31911.196
MinimumVisualStudioVersion = 10.0.40219.1
Project("{9A19103F-16F7-4668-BE54-9A1E7A4F7556}") = "AvaVKPlayer", "AvaVKPlayer\AvaVKPlayer.csproj", "{485315F8-0A17-44C6-9D2F-78CF415415B7}"
EndProject
Project("{2150E333-8FDC-42A3-9474-1A3956D46DE8}") = "Externals", "Externals", "{0646E937-4963-460B-8A59-DDDFBCD0A2E1}"
EndProject
Project("{2150E333-8FDC-42A3-9474-1A3956D46DE8}") = "Common", "Common", "{6DA91CED-1A16-463F-90B0-9D7033A5617B}"
EndProject
Project("{9A19103F-16F7-4668-BE54-9A1E7A4F7556}") = "Common.Core", "Common\Common.Core\Common.Core.csproj", "{F204A630-6539-4A4D-A008-BE0485753F3B}"
EndProject
Project("{9A19103F-16F7-4668-BE54-9A1E7A4F7556}") = "Common.Resources", "Common\Common.Resources\Common.Resources.csproj", "{66B62E25-2EFA-4EAA-A553-EB052DCAB388}"
EndProject
Project("{2150E333-8FDC-42A3-9474-1A3956D46DE8}") = "Modules", "Modules", "{9A8F3E78-159B-4853-8E93-D997BE4AC779}"
EndProject
Project("{9A19103F-16F7-4668-BE54-9A1E7A4F7556}") = "Notification.Module", "Modules\Notification.Module\Notification.Module.csproj", "{1171EBB0-DC6B-4C91-9ECA-3C9EAB793636}"
EndProject
Global
	GlobalSection(SolutionConfigurationPlatforms) = preSolution
		Debug|Any CPU = Debug|Any CPU
		Release|Any CPU = Release|Any CPU
	EndGlobalSection
	GlobalSection(ProjectConfigurationPlatforms) = postSolution
		{485315F8-0A17-44C6-9D2F-78CF415415B7}.Debug|Any CPU.ActiveCfg = Debug|Any CPU
		{485315F8-0A17-44C6-9D2F-78CF415415B7}.Debug|Any CPU.Build.0 = Debug|Any CPU
		{485315F8-0A17-44C6-9D2F-78CF415415B7}.Release|Any CPU.ActiveCfg = Release|Any CPU
		{485315F8-0A17-44C6-9D2F-78CF415415B7}.Release|Any CPU.Build.0 = Release|Any CPU
		{F204A630-6539-4A4D-A008-BE0485753F3B}.Debug|Any CPU.ActiveCfg = Debug|Any CPU
		{F204A630-6539-4A4D-A008-BE0485753F3B}.Debug|Any CPU.Build.0 = Debug|Any CPU
		{F204A630-6539-4A4D-A008-BE0485753F3B}.Release|Any CPU.ActiveCfg = Release|Any CPU
		{F204A630-6539-4A4D-A008-BE0485753F3B}.Release|Any CPU.Build.0 = Release|Any CPU
		{66B62E25-2EFA-4EAA-A553-EB052DCAB388}.Debug|Any CPU.ActiveCfg = Debug|Any CPU
		{66B62E25-2EFA-4EAA-A553-EB052DCAB388}.Debug|Any CPU.Build.0 = Debug|Any CPU
		{66B62E25-2EFA-4EAA-A553-EB052DCAB388}.Release|Any CPU.ActiveCfg = Release|Any CPU
		{66B62E25-2EFA-4EAA-A553-EB052DCAB388}.Release|Any CPU.Build.0 = Release|Any CPU
		{1171EBB0-DC6B-4C91-9ECA-3C9EAB793636}.Debug|Any CPU.ActiveCfg = Debug|Any CPU
		{1171EBB0-DC6B-4C91-9ECA-3C9EAB793636}.Debug|Any CPU.Build.0 = Debug|Any CPU
		{1171EBB0-DC6B-4C91-9ECA-3C9EAB793636}.Release|Any CPU.ActiveCfg = Release|Any CPU
		{1171EBB0-DC6B-4C91-9ECA-3C9EAB793636}.Release|Any CPU.Build.0 = Release|Any CPU
	EndGlobalSection
	GlobalSection(SolutionProperties) = preSolution
		HideSolutionNode = FALSE
	EndGlobalSection
	GlobalSection(NestedProjects) = preSolution
		{F204A630-6539-4A4D-A008-BE0485753F3B} = {6DA91CED-1A16-463F-90B0-9D7033A5617B}
		{66B62E25-2EFA-4EAA-A553-EB052DCAB388} = {6DA91CED-1A16-463F-90B0-9D7033A5617B}
		{1171EBB0-DC6B-4C91-9ECA-3C9EAB793636} = {9A8F3E78-159B-4853-8E93-D997BE4AC779}
	EndGlobalSection
	GlobalSection(ExtensibilityGlobals) = postSolution
		SolutionGuid = {D416B69E-6648-4CC0-920C-434628AC0044}
	EndGlobalSection
EndGlobal
